
Microsoft Visual Studio Solution File, Format Version 11.00
# Visual Studio 2010
Project("{FAE04EC0-301F-11D3-BF4B-00C04F79EFBC}") = "SchoolManagement", "SchoolManagement\SchoolManagement.csproj", "{731C0FBF-F4F5-419C-9451-3B3CA9379978}"
EndProject
Project("{FAE04EC0-301F-11D3-BF4B-00C04F79EFBC}") = "DataLib", "DataLib\DataLib.csproj", "{1705A98A-04CE-43E5-BBD4-306BD8186E3B}"
EndProject
Global
	GlobalSection(SolutionConfigurationPlatforms) = preSolution
		Debug|Any CPU = Debug|Any CPU
		Release|Any CPU = Release|Any CPU
	EndGlobalSection
	GlobalSection(ProjectConfigurationPlatforms) = postSolution
		{731C0FBF-F4F5-419C-9451-3B3CA9379978}.Debug|Any CPU.ActiveCfg = Debug|Any CPU
		{731C0FBF-F4F5-419C-9451-3B3CA9379978}.Debug|Any CPU.Build.0 = Debug|Any CPU
		{731C0FBF-F4F5-419C-9451-3B3CA9379978}.Release|Any CPU.ActiveCfg = Release|Any CPU
		{731C0FBF-F4F5-419C-9451-3B3CA9379978}.Release|Any CPU.Build.0 = Release|Any CPU
		{1705A98A-04CE-43E5-BBD4-306BD8186E3B}.Debug|Any CPU.ActiveCfg = Debug|Any CPU
		{1705A98A-04CE-43E5-BBD4-306BD8186E3B}.Debug|Any CPU.Build.0 = Debug|Any CPU
		{1705A98A-04CE-43E5-BBD4-306BD8186E3B}.Release|Any CPU.ActiveCfg = Release|Any CPU
		{1705A98A-04CE-43E5-BBD4-306BD8186E3B}.Release|Any CPU.Build.0 = Release|Any CPU
	EndGlobalSection
	GlobalSection(SolutionProperties) = preSolution
		HideSolutionNode = FALSE
	EndGlobalSection
EndGlobal
